
Microsoft Visual Studio Solution File, Format Version 12.00
# Visual Studio 15
VisualStudioVersion = 15.0.27428.2002
MinimumVisualStudioVersion = 10.0.40219.1
Project("{FAE04EC0-301F-11D3-BF4B-00C04F79EFBC}") = "CADToolsCore", "CADToolsCore\CADToolsCore.csproj", "{23804F52-E8DE-45A6-9B2B-3862CE71D1E8}"
EndProject
Project("{FAE04EC0-301F-11D3-BF4B-00C04F79EFBC}") = "CADToolsGUI", "CADToolsGUI\CADToolsGUI.csproj", "{4CD49E17-B3A9-4740-B5A9-28C202CA3CED}"
EndProject
Project("{FAE04EC0-301F-11D3-BF4B-00C04F79EFBC}") = "CADToolsControllers", "CADToolsControllers\CADToolsControllers.csproj", "{567C23CB-E83E-4964-A857-CD8566477354}"
EndProject
Global
	GlobalSection(SolutionConfigurationPlatforms) = preSolution
		Debug|Any CPU = Debug|Any CPU
		Release|Any CPU = Release|Any CPU
	EndGlobalSection
	GlobalSection(ProjectConfigurationPlatforms) = postSolution
		{23804F52-E8DE-45A6-9B2B-3862CE71D1E8}.Debug|Any CPU.ActiveCfg = Debug|Any CPU
		{23804F52-E8DE-45A6-9B2B-3862CE71D1E8}.Debug|Any CPU.Build.0 = Debug|Any CPU
		{23804F52-E8DE-45A6-9B2B-3862CE71D1E8}.Release|Any CPU.ActiveCfg = Release|Any CPU
		{23804F52-E8DE-45A6-9B2B-3862CE71D1E8}.Release|Any CPU.Build.0 = Release|Any CPU
		{4CD49E17-B3A9-4740-B5A9-28C202CA3CED}.Debug|Any CPU.ActiveCfg = Debug|Any CPU
		{4CD49E17-B3A9-4740-B5A9-28C202CA3CED}.Debug|Any CPU.Build.0 = Debug|Any CPU
		{4CD49E17-B3A9-4740-B5A9-28C202CA3CED}.Release|Any CPU.ActiveCfg = Release|Any CPU
		{4CD49E17-B3A9-4740-B5A9-28C202CA3CED}.Release|Any CPU.Build.0 = Release|Any CPU
		{567C23CB-E83E-4964-A857-CD8566477354}.Debug|Any CPU.ActiveCfg = Debug|Any CPU
		{567C23CB-E83E-4964-A857-CD8566477354}.Debug|Any CPU.Build.0 = Debug|Any CPU
		{567C23CB-E83E-4964-A857-CD8566477354}.Release|Any CPU.ActiveCfg = Release|Any CPU
		{567C23CB-E83E-4964-A857-CD8566477354}.Release|Any CPU.Build.0 = Release|Any CPU
	EndGlobalSection
	GlobalSection(SolutionProperties) = preSolution
		HideSolutionNode = FALSE
	EndGlobalSection
	GlobalSection(ExtensibilityGlobals) = postSolution
		SolutionGuid = {8BE5B8A2-83D4-4526-ABB5-975B12FFC203}
	EndGlobalSection
EndGlobal
